
Microsoft Visual Studio Solution File, Format Version 12.00
# Visual Studio Version 16
VisualStudioVersion = 16.0.31605.320
MinimumVisualStudioVersion = 10.0.40219.1
Project("{FAE04EC0-301F-11D3-BF4B-00C04F79EFBC}") = "MineSweeper", "MineSweeper\MineSweeper.csproj", "{41B8AC52-5BFB-4ABF-9BA3-FE32E65F1746}"
EndProject
Global
	GlobalSection(SolutionConfigurationPlatforms) = preSolution
		Debug|Any CPU = Debug|Any CPU
		Release|Any CPU = Release|Any CPU
	EndGlobalSection
	GlobalSection(ProjectConfigurationPlatforms) = postSolution
		{41B8AC52-5BFB-4ABF-9BA3-FE32E65F1746}.Debug|Any CPU.ActiveCfg = Debug|Any CPU
		{41B8AC52-5BFB-4ABF-9BA3-FE32E65F1746}.Debug|Any CPU.Build.0 = Debug|Any CPU
		{41B8AC52-5BFB-4ABF-9BA3-FE32E65F1746}.Release|Any CPU.ActiveCfg = Release|Any CPU
		{41B8AC52-5BFB-4ABF-9BA3-FE32E65F1746}.Release|Any CPU.Build.0 = Release|Any CPU
	EndGlobalSection
	GlobalSection(SolutionProperties) = preSolution
		HideSolutionNode = FALSE
	EndGlobalSection
	GlobalSection(ExtensibilityGlobals) = postSolution
		SolutionGuid = {3BBF65F3-D4A4-49DB-904E-84A787793F8F}
	EndGlobalSection
EndGlobal
